
Microsoft Visual Studio Solution File, Format Version 12.00
# Visual Studio Version 16
VisualStudioVersion = 16.0.31613.86
MinimumVisualStudioVersion = 10.0.40219.1
Project("{9A19103F-16F7-4668-BE54-9A1E7A4F7556}") = "Clase-3-MVC.Web", "Clase-3-MVC.Web\Clase-3-MVC.Web.csproj", "{6EF99652-A4E4-42EE-8236-094D803F7337}"
EndProject
Project("{FAE04EC0-301F-11D3-BF4B-00C04F79EFBC}") = "Clase-3-MVC.Servicios", "Clase-3-MVC.Servicios\Clase-3-MVC.Servicios.csproj", "{0029B8FE-AB42-4F8C-98A7-3E2B30C8749C}"
EndProject
Project("{9A19103F-16F7-4668-BE54-9A1E7A4F7556}") = "Clase-3-MVC.Entidades", "Clase-3-MVC.Entidades\Clase-3-MVC.Entidades.csproj", "{A4F47568-D1D8-4754-835A-8C9AAC1EBE7F}"
EndProject
Global
	GlobalSection(SolutionConfigurationPlatforms) = preSolution
		Debug|Any CPU = Debug|Any CPU
		Release|Any CPU = Release|Any CPU
	EndGlobalSection
	GlobalSection(ProjectConfigurationPlatforms) = postSolution
		{6EF99652-A4E4-42EE-8236-094D803F7337}.Debug|Any CPU.ActiveCfg = Debug|Any CPU
		{6EF99652-A4E4-42EE-8236-094D803F7337}.Debug|Any CPU.Build.0 = Debug|Any CPU
		{6EF99652-A4E4-42EE-8236-094D803F7337}.Release|Any CPU.ActiveCfg = Release|Any CPU
		{6EF99652-A4E4-42EE-8236-094D803F7337}.Release|Any CPU.Build.0 = Release|Any CPU
		{0029B8FE-AB42-4F8C-98A7-3E2B30C8749C}.Debug|Any CPU.ActiveCfg = Debug|Any CPU
		{0029B8FE-AB42-4F8C-98A7-3E2B30C8749C}.Debug|Any CPU.Build.0 = Debug|Any CPU
		{0029B8FE-AB42-4F8C-98A7-3E2B30C8749C}.Release|Any CPU.ActiveCfg = Release|Any CPU
		{0029B8FE-AB42-4F8C-98A7-3E2B30C8749C}.Release|Any CPU.Build.0 = Release|Any CPU
		{A4F47568-D1D8-4754-835A-8C9AAC1EBE7F}.Debug|Any CPU.ActiveCfg = Debug|Any CPU
		{A4F47568-D1D8-4754-835A-8C9AAC1EBE7F}.Debug|Any CPU.Build.0 = Debug|Any CPU
		{A4F47568-D1D8-4754-835A-8C9AAC1EBE7F}.Release|Any CPU.ActiveCfg = Release|Any CPU
		{A4F47568-D1D8-4754-835A-8C9AAC1EBE7F}.Release|Any CPU.Build.0 = Release|Any CPU
	EndGlobalSection
	GlobalSection(SolutionProperties) = preSolution
		HideSolutionNode = FALSE
	EndGlobalSection
	GlobalSection(ExtensibilityGlobals) = postSolution
		SolutionGuid = {21D804A9-AF5C-4296-B593-567F7ABEA759}
	EndGlobalSection
EndGlobal
